
Microsoft Visual Studio Solution File, Format Version 12.00
Project("{FAE04EC0-301F-11D3-BF4B-00C04F79EFBC}") = "ImgurFuzzerProject", "ImgurFuzzerProject\ImgurFuzzerProject.csproj", "{B98A2E2B-CC39-4FC4-BDF4-6D2FD4E17A0A}"
EndProject
Global
	GlobalSection(SolutionConfigurationPlatforms) = preSolution
		Debug|Any CPU = Debug|Any CPU
		Release|Any CPU = Release|Any CPU
	EndGlobalSection
	GlobalSection(ProjectConfigurationPlatforms) = postSolution
		{B98A2E2B-CC39-4FC4-BDF4-6D2FD4E17A0A}.Debug|Any CPU.ActiveCfg = Debug|Any CPU
		{B98A2E2B-CC39-4FC4-BDF4-6D2FD4E17A0A}.Debug|Any CPU.Build.0 = Debug|Any CPU
		{B98A2E2B-CC39-4FC4-BDF4-6D2FD4E17A0A}.Release|Any CPU.ActiveCfg = Release|Any CPU
		{B98A2E2B-CC39-4FC4-BDF4-6D2FD4E17A0A}.Release|Any CPU.Build.0 = Release|Any CPU
	EndGlobalSection
EndGlobal
